{
	"name": "@degjs/scroll-to",
	"version": "2.0.0",
	"lockfileVersion": 1,
	"requires": true,
	"dependencies": {
		"@degjs/easing": {
			"version": "2.0.0",
			"resolved": "https://registry.npmjs.org/@degjs/easing/-/easing-2.0.0.tgz",
			"integrity": "sha512-u7YCrWSxddwcPxltEa9EyXooI//fXafjs/OOs8CkdUJGOXg6QWm2qCZRd8dDwB1fdYIgTjzaS8gxCHnzclQ2Uw=="
		}
	}
}
